// !$*UTF8*$!
{
	archiveVersion = 1;
	classes = {
	};
	objectVersion = 46;
	objects = {

/* Begin PBXBuildFile section */
		4A905F5219640EF600A03FBF /* Foundation.framework in Frameworks */ = {isa = PBXBuildFile; fileRef = 4A905F5119640EF600A03FBF /* Foundation.framework */; };
		4A905F5419640EF600A03FBF /* CoreGraphics.framework in Frameworks */ = {isa = PBXBuildFile; fileRef = 4A905F5319640EF600A03FBF /* CoreGraphics.framework */; };
		4A905F5619640EF600A03FBF /* UIKit.framework in Frameworks */ = {isa = PBXBuildFile; fileRef = 4A905F5519640EF600A03FBF /* UIKit.framework */; };
		4A905F5C19640EF600A03FBF /* InfoPlist.strings in Resources */ = {isa = PBXBuildFile; fileRef = 4A905F5A19640EF600A03FBF /* InfoPlist.strings */; };
		4A905F5E19640EF600A03FBF /* main.m in Sources */ = {isa = PBXBuildFile; fileRef = 4A905F5D19640EF600A03FBF /* main.m */; };
		4A905F6219640EF600A03FBF /* AppDelegate.m in Sources */ = {isa = PBXBuildFile; fileRef = 4A905F6119640EF600A03FBF /* AppDelegate.m */; };
		4A905F6519640EF600A03FBF /* Main.storyboard in Resources */ = {isa = PBXBuildFile; fileRef = 4A905F6319640EF600A03FBF /* Main.storyboard */; };
		4A905F6819640EF600A03FBF /* ViewController.m in Sources */ = {isa = PBXBuildFile; fileRef = 4A905F6719640EF600A03FBF /* ViewController.m */; };
		4A905F6A19640EF600A03FBF /* Images.xcassets in Resources */ = {isa = PBXBuildFile; fileRef = 4A905F6919640EF600A03FBF /* Images.xcassets */; };
		4A905F7119640EF600A03FBF /* XCTest.framework in Frameworks */ = {isa = PBXBuildFile; fileRef = 4A905F7019640EF600A03FBF /* XCTest.framework */; };
		4A905F7219640EF600A03FBF /* Foundation.framework in Frameworks */ = {isa = PBXBuildFile; fileRef = 4A905F5119640EF600A03FBF /* Foundation.framework */; };
		4A905F7319640EF600A03FBF /* UIKit.framework in Frameworks */ = {isa = PBXBuildFile; fileRef = 4A905F5519640EF600A03FBF /* UIKit.framework */; };
		4A905F7B19640EF600A03FBF /* InfoPlist.strings in Resources */ = {isa = PBXBuildFile; fileRef = 4A905F7919640EF600A03FBF /* InfoPlist.strings */; };
		4A905F7D19640EF600A03FBF /* MJPSliderTests.m in Sources */ = {isa = PBXBuildFile; fileRef = 4A905F7C19640EF600A03FBF /* MJPSliderTests.m */; };
/* End PBXBuildFile section */

/* Begin PBXContainerItemProxy section */
		4A905F7419640EF600A03FBF /* PBXContainerItemProxy */ = {
			isa = PBXContainerItemProxy;
			containerPortal = 4A905F4619640EF600A03FBF /* Project object */;
			proxyType = 1;
			remoteGlobalIDString = 4A905F4D19640EF600A03FBF;
			remoteInfo = MJPSlider;
		};
/* End PBXContainerItemProxy section */

/* Begin PBXFileReference section */
		4A905F4E19640EF600A03FBF /* MJPSlider.app */ = {isa = PBXFileReference; explicitFileType = wrapper.application; includeInIndex = 0; path = MJPSlider.app; sourceTree = BUILT_PRODUCTS_DIR; };
		4A905F5119640EF600A03FBF /* Foundation.framework */ = {isa = PBXFileReference; lastKnownFileType = wrapper.framework; name = Foundation.framework; path = System/Library/Frameworks/Foundation.framework; sourceTree = SDKROOT; };
		4A905F5319640EF600A03FBF /* CoreGraphics.framework */ = {isa = PBXFileReference; lastKnownFileType = wrapper.framework; name = CoreGraphics.framework; path = System/Library/Frameworks/CoreGraphics.framework; sourceTree = SDKROOT; };
		4A905F5519640EF600A03FBF /* UIKit.framework */ = {isa = PBXFileReference; lastKnownFileType = wrapper.framework; name = UIKit.framework; path = System/Library/Frameworks/UIKit.framework; sourceTree = SDKROOT; };
		4A905F5919640EF600A03FBF /* MJPSlider-Info.plist */ = {isa = PBXFileReference; lastKnownFileType = text.plist.xml; path = "MJPSlider-Info.plist"; sourceTree = "<group>"; };
		4A905F5B19640EF600A03FBF /* en */ = {isa = PBXFileReference; lastKnownFileType = text.plist.strings; name = en; path = en.lproj/InfoPlist.strings; sourceTree = "<group>"; };
		4A905F5D19640EF600A03FBF /* main.m */ = {isa = PBXFileReference; lastKnownFileType = sourcecode.c.objc; path = main.m; sourceTree = "<group>"; };
		4A905F5F19640EF600A03FBF /* MJPSlider-Prefix.pch */ = {isa = PBXFileReference; lastKnownFileType = sourcecode.c.h; path = "MJPSlider-Prefix.pch"; sourceTree = "<group>"; };
		4A905F6019640EF600A03FBF /* AppDelegate.h */ = {isa = PBXFileReference; lastKnownFileType = sourcecode.c.h; path = AppDelegate.h; sourceTree = "<group>"; };
		4A905F6119640EF600A03FBF /* AppDelegate.m */ = {isa = PBXFileReference; lastKnownFileType = sourcecode.c.objc; path = AppDelegate.m; sourceTree = "<group>"; };
		4A905F6419640EF600A03FBF /* Base */ = {isa = PBXFileReference; lastKnownFileType = file.storyboard; name = Base; path = Base.lproj/Main.storyboard; sourceTree = "<group>"; };
		4A905F6619640EF600A03FBF /* ViewController.h */ = {isa = PBXFileReference; lastKnownFileType = sourcecode.c.h; path = ViewController.h; sourceTree = "<group>"; };
		4A905F6719640EF600A03FBF /* ViewController.m */ = {isa = PBXFileReference; lastKnownFileType = sourcecode.c.objc; path = ViewController.m; sourceTree = "<group>"; };
		4A905F6919640EF600A03FBF /* Images.xcassets */ = {isa = PBXFileReference; lastKnownFileType = folder.assetcatalog; path = Images.xcassets; sourceTree = "<group>"; };
		4A905F6F19640EF600A03FBF /* MJPSliderTests.xctest */ = {isa = PBXFileReference; explicitFileType = wrapper.cfbundle; includeInIndex = 0; path = MJPSliderTests.xctest; sourceTree = BUILT_PRODUCTS_DIR; };
		4A905F7019640EF600A03FBF /* XCTest.framework */ = {isa = PBXFileReference; lastKnownFileType = wrapper.framework; name = XCTest.framework; path = Library/Frameworks/XCTest.framework; sourceTree = DEVELOPER_DIR; };
		4A905F7819640EF600A03FBF /* MJPSliderTests-Info.plist */ = {isa = PBXFileReference; lastKnownFileType = text.plist.xml; path = "MJPSliderTests-Info.plist"; sourceTree = "<group>"; };
		4A905F7A19640EF600A03FBF /* en */ = {isa = PBXFileReference; lastKnownFileType = text.plist.strings; name = en; path = en.lproj/InfoPlist.strings; sourceTree = "<group>"; };
		4A905F7C19640EF600A03FBF /* MJPSliderTests.m */ = {isa = PBXFileReference; lastKnownFileType = sourcecode.c.objc; path = MJPSliderTests.m; sourceTree = "<group>"; };
/* End PBXFileReference section */

/* Begin PBXFrameworksBuildPhase section */
		4A905F4B19640EF600A03FBF /* Frameworks */ = {
			isa = PBXFrameworksBuildPhase;
			buildActionMask = 2147483647;
			files = (
				4A905F5419640EF600A03FBF /* CoreGraphics.framework in Frameworks */,
				4A905F5619640EF600A03FBF /* UIKit.framework in Frameworks */,
				4A905F5219640EF600A03FBF /* Foundation.framework in Frameworks */,
			);
			runOnlyForDeploymentPostprocessing = 0;
		};
		4A905F6C19640EF600A03FBF /* Frameworks */ = {
			isa = PBXFrameworksBuildPhase;
			buildActionMask = 2147483647;
			files = (
				4A905F7119640EF600A03FBF /* XCTest.framework in Frameworks */,
				4A905F7319640EF600A03FBF /* UIKit.framework in Frameworks */,
				4A905F7219640EF600A03FBF /* Foundation.framework in Frameworks */,
			);
			runOnlyForDeploymentPostprocessing = 0;
		};
/* End PBXFrameworksBuildPhase section */

/* Begin PBXGroup section */
		4A905F4519640EF600A03FBF = {
			isa = PBXGroup;
			children = (
				4A905F5719640EF600A03FBF /* MJPSlider */,
				4A905F7619640EF600A03FBF /* MJPSliderTests */,
				4A905F5019640EF600A03FBF /* Frameworks */,
				4A905F4F19640EF600A03FBF /* Products */,
			);
			sourceTree = "<group>";
		};
		4A905F4F19640EF600A03FBF /* Products */ = {
			isa = PBXGroup;
			children = (
				4A905F4E19640EF600A03FBF /* MJPSlider.app */,
				4A905F6F19640EF600A03FBF /* MJPSliderTests.xctest */,
			);
			name = Products;
			sourceTree = "<group>";
		};
		4A905F5019640EF600A03FBF /* Frameworks */ = {
			isa = PBXGroup;
			children = (
				4A905F5119640EF600A03FBF /* Foundation.framework */,
				4A905F5319640EF600A03FBF /* CoreGraphics.framework */,
				4A905F5519640EF600A03FBF /* UIKit.framework */,
				4A905F7019640EF600A03FBF /* XCTest.framework */,
			);
			name = Frameworks;
			sourceTree = "<group>";
		};
		4A905F5719640EF600A03FBF /* MJPSlider */ = {
			isa = PBXGroup;
			children = (
				4A905F6019640EF600A03FBF /* AppDelegate.h */,
				4A905F6119640EF600A03FBF /* AppDelegate.m */,
				4A905F6319640EF600A03FBF /* Main.storyboard */,
				4A905F6619640EF600A03FBF /* ViewController.h */,
				4A905F6719640EF600A03FBF /* ViewController.m */,
				4A905F6919640EF600A03FBF /* Images.xcassets */,
				4A905F5819640EF600A03FBF /* Supporting Files */,
			);
			path = MJPSlider;
			sourceTree = "<group>";
		};
		4A905F5819640EF600A03FBF /* Supporting Files */ = {
			isa = PBXGroup;
			children = (
				4A905F5919640EF600A03FBF /* MJPSlider-Info.plist */,
				4A905F5A19640EF600A03FBF /* InfoPlist.strings */,
				4A905F5D19640EF600A03FBF /* main.m */,
				4A905F5F19640EF600A03FBF /* MJPSlider-Prefix.pch */,
			);
			name = "Supporting Files";
			sourceTree = "<group>";
		};
		4A905F7619640EF600A03FBF /* MJPSliderTests */ = {
			isa = PBXGroup;
			children = (
				4A905F7C19640EF600A03FBF /* MJPSliderTests.m */,
				4A905F7719640EF600A03FBF /* Supporting Files */,
			);
			path = MJPSliderTests;
			sourceTree = "<group>";
		};
		4A905F7719640EF600A03FBF /* Supporting Files */ = {
			isa = PBXGroup;
			children = (
				4A905F7819640EF600A03FBF /* MJPSliderTests-Info.plist */,
				4A905F7919640EF600A03FBF /* InfoPlist.strings */,
			);
			name = "Supporting Files";
			sourceTree = "<group>";
		};
/* End PBXGroup section */

/* Begin PBXNativeTarget section */
		4A905F4D19640EF600A03FBF /* MJPSlider */ = {
			isa = PBXNativeTarget;
			buildConfigurationList = 4A905F8019640EF600A03FBF /* Build configuration list for PBXNativeTarget "MJPSlider" */;
			buildPhases = (
				4A905F4A19640EF600A03FBF /* Sources */,
				4A905F4B19640EF600A03FBF /* Frameworks */,
				4A905F4C19640EF600A03FBF /* Resources */,
			);
			buildRules = (
			);
			dependencies = (
			);
			name = MJPSlider;
			productName = MJPSlider;
			productReference = 4A905F4E19640EF600A03FBF /* MJPSlider.app */;
			productType = "com.apple.product-type.application";
		};
		4A905F6E19640EF600A03FBF /* MJPSliderTests */ = {
			isa = PBXNativeTarget;
			buildConfigurationList = 4A905F8319640EF600A03FBF /* Build configuration list for PBXNativeTarget "MJPSliderTests" */;
			buildPhases = (
				4A905F6B19640EF600A03FBF /* Sources */,
				4A905F6C19640EF600A03FBF /* Frameworks */,
				4A905F6D19640EF600A03FBF /* Resources */,
			);
			buildRules = (
			);
			dependencies = (
				4A905F7519640EF600A03FBF /* PBXTargetDependency */,
			);
			name = MJPSliderTests;
			productName = MJPSliderTests;
			productReference = 4A905F6F19640EF600A03FBF /* MJPSliderTests.xctest */;
			productType = "com.apple.product-type.bundle.unit-test";
		};
/* End PBXNativeTarget section */

/* Begin PBXProject section */
		4A905F4619640EF600A03FBF /* Project object */ = {
			isa = PBXProject;
			attributes = {
				LastUpgradeCheck = 0510;
				ORGANIZATIONNAME = rabfap;
				TargetAttributes = {
					4A905F6E19640EF600A03FBF = {
						TestTargetID = 4A905F4D19640EF600A03FBF;
					};
				};
			};
			buildConfigurationList = 4A905F4919640EF600A03FBF /* Build configuration list for PBXProject "MJPSlider" */;
			compatibilityVersion = "Xcode 3.2";
			developmentRegion = English;
			hasScannedForEncodings = 0;
			knownRegions = (
				en,
				Base,
			);
			mainGroup = 4A905F4519640EF600A03FBF;
			productRefGroup = 4A905F4F19640EF600A03FBF /* Products */;
			projectDirPath = "";
			projectRoot = "";
			targets = (
				4A905F4D19640EF600A03FBF /* MJPSlider */,
				4A905F6E19640EF600A03FBF /* MJPSliderTests */,
			);
		};
/* End PBXProject section */

/* Begin PBXResourcesBuildPhase section */
		4A905F4C19640EF600A03FBF /* Resources */ = {
			isa = PBXResourcesBuildPhase;
			buildActionMask = 2147483647;
			files = (
				4A905F6A19640EF600A03FBF /* Images.xcassets in Resources */,
				4A905F5C19640EF600A03FBF /* InfoPlist.strings in Resources */,
				4A905F6519640EF600A03FBF /* Main.storyboard in Resources */,
			);
			runOnlyForDeploymentPostprocessing = 0;
		};
		4A905F6D19640EF600A03FBF /* Resources */ = {
			isa = PBXResourcesBuildPhase;
			buildActionMask = 2147483647;
			files = (
				4A905F7B19640EF600A03FBF /* InfoPlist.strings in Resources */,
			);
			runOnlyForDeploymentPostprocessing = 0;
		};
/* End PBXResourcesBuildPhase section */

/* Begin PBXSourcesBuildPhase section */
		4A905F4A19640EF600A03FBF /* Sources */ = {
			isa = PBXSourcesBuildPhase;
			buildActionMask = 2147483647;
			files = (
				4A905F6819640EF600A03FBF /* ViewController.m in Sources */,
				4A905F6219640EF600A03FBF /* AppDelegate.m in Sources */,
				4A905F5E19640EF600A03FBF /* main.m in Sources */,
			);
			runOnlyForDeploymentPostprocessing = 0;
		};
		4A905F6B19640EF600A03FBF /* Sources */ = {
			isa = PBXSourcesBuildPhase;
			buildActionMask = 2147483647;
			files = (
				4A905F7D19640EF600A03FBF /* MJPSliderTests.m in Sources */,
			);
			runOnlyForDeploymentPostprocessing = 0;
		};
/* End PBXSourcesBuildPhase section */

/* Begin PBXTargetDependency section */
		4A905F7519640EF600A03FBF /* PBXTargetDependency */ = {
			isa = PBXTargetDependency;
			target = 4A905F4D19640EF600A03FBF /* MJPSlider */;
			targetProxy = 4A905F7419640EF600A03FBF /* PBXContainerItemProxy */;
		};
/* End PBXTargetDependency section */

/* Begin PBXVariantGroup section */
		4A905F5A19640EF600A03FBF /* InfoPlist.strings */ = {
			isa = PBXVariantGroup;
			children = (
				4A905F5B19640EF600A03FBF /* en */,
			);
			name = InfoPlist.strings;
			sourceTree = "<group>";
		};
		4A905F6319640EF600A03FBF /* Main.storyboard */ = {
			isa = PBXVariantGroup;
			children = (
				4A905F6419640EF600A03FBF /* Base */,
			);
			name = Main.storyboard;
			sourceTree = "<group>";
		};
		4A905F7919640EF600A03FBF /* InfoPlist.strings */ = {
			isa = PBXVariantGroup;
			children = (
				4A905F7A19640EF600A03FBF /* en */,
			);
			name = InfoPlist.strings;
			sourceTree = "<group>";
		};
/* End PBXVariantGroup section */

/* Begin XCBuildConfiguration section */
		4A905F7E19640EF600A03FBF /* Debug */ = {
			isa = XCBuildConfiguration;
			buildSettings = {
				ALWAYS_SEARCH_USER_PATHS = NO;
				CLANG_CXX_LANGUAGE_STANDARD = "gnu++0x";
				CLANG_CXX_LIBRARY = "libc++";
				CLANG_ENABLE_MODULES = YES;
				CLANG_ENABLE_OBJC_ARC = YES;
				CLANG_WARN_BOOL_CONVERSION = YES;
				CLANG_WARN_CONSTANT_CONVERSION = YES;
				CLANG_WARN_DIRECT_OBJC_ISA_USAGE = YES_ERROR;
				CLANG_WARN_EMPTY_BODY = YES;
				CLANG_WARN_ENUM_CONVERSION = YES;
				CLANG_WARN_INT_CONVERSION = YES;
				CLANG_WARN_OBJC_ROOT_CLASS = YES_ERROR;
				CLANG_WARN__DUPLICATE_METHOD_MATCH = YES;
				"CODE_SIGN_IDENTITY[sdk=iphoneos*]" = "iPhone Developer";
				COPY_PHASE_STRIP = NO;
				GCC_C_LANGUAGE_STANDARD = gnu99;
				GCC_DYNAMIC_NO_PIC = NO;
				GCC_OPTIMIZATION_LEVEL = 0;
				GCC_PREPROCESSOR_DEFINITIONS = (
					"DEBUG=1",
					"$(inherited)",
				);
				GCC_SYMBOLS_PRIVATE_EXTERN = NO;
				GCC_WARN_64_TO_32_BIT_CONVERSION = YES;
				GCC_WARN_ABOUT_RETURN_TYPE = YES_ERROR;
				GCC_WARN_UNDECLARED_SELECTOR = YES;
				GCC_WARN_UNINITIALIZED_AUTOS = YES_AGGRESSIVE;
				GCC_WARN_UNUSED_FUNCTION = YES;
				GCC_WARN_UNUSED_VARIABLE = YES;
				IPHONEOS_DEPLOYMENT_TARGET = 7.1;
				ONLY_ACTIVE_ARCH = YES;
				SDKROOT = iphoneos;
			};
			name = Debug;
		};
		4A905F7F19640EF600A03FBF /* Release */ = {
			isa = XCBuildConfiguration;
			buildSettings = {
				ALWAYS_SEARCH_USER_PATHS = NO;
				CLANG_CXX_LANGUAGE_STANDARD = "gnu++0x";
				CLANG_CXX_LIBRARY = "libc++";
				CLANG_ENABLE_MODULES = YES;
				CLANG_ENABLE_OBJC_ARC = YES;
				CLANG_WARN_BOOL_CONVERSION = YES;
				CLANG_WARN_CONSTANT_CONVERSION = YES;
				CLANG_WARN_DIRECT_OBJC_ISA_USAGE = YES_ERROR;
				CLANG_WARN_EMPTY_BODY = YES;
				CLANG_WARN_ENUM_CONVERSION = YES;
				CLANG_WARN_INT_CONVERSION = YES;
				CLANG_WARN_OBJC_ROOT_CLASS = YES_ERROR;
				CLANG_WARN__DUPLICATE_METHOD_MATCH = YES;
				"CODE_SIGN_IDENTITY[sdk=iphoneos*]" = "iPhone Developer";
				COPY_PHASE_STRIP = YES;
				ENABLE_NS_ASSERTIONS = NO;
				GCC_C_LANGUAGE_STANDARD = gnu99;
				GCC_WARN_64_TO_32_BIT_CONVERSION = YES;
				GCC_WARN_ABOUT_RETURN_TYPE = YES_ERROR;
				GCC_WARN_UNDECLARED_SELECTOR = YES;
				GCC_WARN_UNINITIALIZED_AUTOS = YES_AGGRESSIVE;
				GCC_WARN_UNUSED_FUNCTION = YES;
				GCC_WARN_UNUSED_VARIABLE = YES;
				IPHONEOS_DEPLOYMENT_TARGET = 7.1;
				SDKROOT = iphoneos;
				VALIDATE_PRODUCT = YES;
			};
			name = Release;
		};
		4A905F8119640EF600A03FBF /* Debug */ = {
			isa = XCBuildConfiguration;
			buildSettings = {
				ASSETCATALOG_COMPILER_APPICON_NAME = AppIcon;
				ASSETCATALOG_COMPILER_LAUNCHIMAGE_NAME = LaunchImage;
				GCC_PRECOMPILE_PREFIX_HEADER = YES;
				GCC_PREFIX_HEADER = "MJPSlider/MJPSlider-Prefix.pch";
				INFOPLIST_FILE = "MJPSlider/MJPSlider-Info.plist";
				PRODUCT_NAME = "$(TARGET_NAME)";
				WRAPPER_EXTENSION = app;
			};
			name = Debug;
		};
		4A905F8219640EF600A03FBF /* Release */ = {
			isa = XCBuildConfiguration;
			buildSettings = {
				ASSETCATALOG_COMPILER_APPICON_NAME = AppIcon;
				ASSETCATALOG_COMPILER_LAUNCHIMAGE_NAME = LaunchImage;
				GCC_PRECOMPILE_PREFIX_HEADER = YES;
				GCC_PREFIX_HEADER = "MJPSlider/MJPSlider-Prefix.pch";
				INFOPLIST_FILE = "MJPSlider/MJPSlider-Info.plist";
				PRODUCT_NAME = "$(TARGET_NAME)";
				WRAPPER_EXTENSION = app;
			};
			name = Release;
		};
		4A905F8419640EF600A03FBF /* Debug */ = {
			isa = XCBuildConfiguration;
			buildSettings = {
				BUNDLE_LOADER = "$(BUILT_PRODUCTS_DIR)/MJPSlider.app/MJPSlider";
				FRAMEWORK_SEARCH_PATHS = (
					"$(SDKROOT)/Developer/Library/Frameworks",
					"$(inherited)",
					"$(DEVELOPER_FRAMEWORKS_DIR)",
				);
				GCC_PRECOMPILE_PREFIX_HEADER = YES;
				GCC_PREFIX_HEADER = "MJPSlider/MJPSlider-Prefix.pch";
				GCC_PREPROCESSOR_DEFINITIONS = (
					"DEBUG=1",
					"$(inherited)",
				);
				INFOPLIST_FILE = "MJPSliderTests/MJPSliderTests-Info.plist";
				PRODUCT_NAME = "$(TARGET_NAME)";
				TEST_HOST = "$(BUNDLE_LOADER)";
				WRAPPER_EXTENSION = xctest;
			};
			name = Debug;
		};
		4A905F8519640EF600A03FBF /* Release */ = {
			isa = XCBuildConfiguration;
			buildSettings = {
				BUNDLE_LOADER = "$(BUILT_PRODUCTS_DIR)/MJPSlider.app/MJPSlider";
				FRAMEWORK_SEARCH_PATHS = (
					"$(SDKROOT)/Developer/Library/Frameworks",
					"$(inherited)",
					"$(DEVELOPER_FRAMEWORKS_DIR)",
				);
				GCC_PRECOMPILE_PREFIX_HEADER = YES;
				GCC_PREFIX_HEADER = "MJPSlider/MJPSlider-Prefix.pch";
				INFOPLIST_FILE = "MJPSliderTests/MJPSliderTests-Info.plist";
				PRODUCT_NAME = "$(TARGET_NAME)";
				TEST_HOST = "$(BUNDLE_LOADER)";
				WRAPPER_EXTENSION = xctest;
			};
			name = Release;
		};
/* End XCBuildConfiguration section */

/* Begin XCConfigurationList section */
		4A905F4919640EF600A03FBF /* Build configuration list for PBXProject "MJPSlider" */ = {
			isa = XCConfigurationList;
			buildConfigurations = (
				4A905F7E19640EF600A03FBF /* Debug */,
				4A905F7F19640EF600A03FBF /* Release */,
			);
			defaultConfigurationIsVisible = 0;
			defaultConfigurationName = Release;
		};
		4A905F8019640EF600A03FBF /* Build configuration list for PBXNativeTarget "MJPSlider" */ = {
			isa = XCConfigurationList;
			buildConfigurations = (
				4A905F8119640EF600A03FBF /* Debug */,
				4A905F8219640EF600A03FBF /* Release */,
			);
			defaultConfigurationIsVisible = 0;
		};
		4A905F8319640EF600A03FBF /* Build configuration list for PBXNativeTarget "MJPSliderTests" */ = {
			isa = XCConfigurationList;
			buildConfigurations = (
				4A905F8419640EF600A03FBF /* Debug */,
				4A905F8519640EF600A03FBF /* Release */,
			);
			defaultConfigurationIsVisible = 0;
		};
/* End XCConfigurationList section */
	};
	rootObject = 4A905F4619640EF600A03FBF /* Project object */;
}
